
Microsoft Visual Studio Solution File, Format Version 12.00
# Visual Studio Version 17
VisualStudioVersion = 17.8.34330.188
MinimumVisualStudioVersion = 10.0.40219.1
Project("{FAE04EC0-301F-11D3-BF4B-00C04F79EFBC}") = "Tateti", "Tateti\Tateti.csproj", "{D6CA75A3-6F55-4135-B703-9E1DFAC4008D}"
EndProject
Global
	GlobalSection(SolutionConfigurationPlatforms) = preSolution
		Debug|Any CPU = Debug|Any CPU
		Release|Any CPU = Release|Any CPU
	EndGlobalSection
	GlobalSection(ProjectConfigurationPlatforms) = postSolution
		{D6CA75A3-6F55-4135-B703-9E1DFAC4008D}.Debug|Any CPU.ActiveCfg = Debug|Any CPU
		{D6CA75A3-6F55-4135-B703-9E1DFAC4008D}.Debug|Any CPU.Build.0 = Debug|Any CPU
		{D6CA75A3-6F55-4135-B703-9E1DFAC4008D}.Release|Any CPU.ActiveCfg = Release|Any CPU
		{D6CA75A3-6F55-4135-B703-9E1DFAC4008D}.Release|Any CPU.Build.0 = Release|Any CPU
	EndGlobalSection
	GlobalSection(SolutionProperties) = preSolution
		HideSolutionNode = FALSE
	EndGlobalSection
	GlobalSection(ExtensibilityGlobals) = postSolution
		SolutionGuid = {A0B6840B-4CEA-4A18-BE74-066756E1D611}
	EndGlobalSection
EndGlobal
